
Microsoft Visual Studio Solution File, Format Version 12.00
# Visual Studio Version 16
VisualStudioVersion = 16.0.33130.400
MinimumVisualStudioVersion = 10.0.40219.1
Project("{FAE04EC0-301F-11D3-BF4B-00C04F79EFBC}") = "EvaluacionFinal-FedericoZinni", "EvaluacionFinal-FedericoZinni\EvaluacionFinal-FedericoZinni.csproj", "{CC3686BB-7346-4D91-8F07-D046718A918C}"
EndProject
Global
	GlobalSection(SolutionConfigurationPlatforms) = preSolution
		Debug|Any CPU = Debug|Any CPU
		Release|Any CPU = Release|Any CPU
	EndGlobalSection
	GlobalSection(ProjectConfigurationPlatforms) = postSolution
		{CC3686BB-7346-4D91-8F07-D046718A918C}.Debug|Any CPU.ActiveCfg = Debug|Any CPU
		{CC3686BB-7346-4D91-8F07-D046718A918C}.Debug|Any CPU.Build.0 = Debug|Any CPU
		{CC3686BB-7346-4D91-8F07-D046718A918C}.Release|Any CPU.ActiveCfg = Release|Any CPU
		{CC3686BB-7346-4D91-8F07-D046718A918C}.Release|Any CPU.Build.0 = Release|Any CPU
	EndGlobalSection
	GlobalSection(SolutionProperties) = preSolution
		HideSolutionNode = FALSE
	EndGlobalSection
	GlobalSection(ExtensibilityGlobals) = postSolution
		SolutionGuid = {53BDE4D8-BEC3-4062-995A-32AB7AD211AC}
	EndGlobalSection
EndGlobal
